
Microsoft Visual Studio Solution File, Format Version 12.00
# Visual Studio Version 17
VisualStudioVersion = 17.1.32319.34
MinimumVisualStudioVersion = 10.0.40219.1
Project("{FAE04EC0-301F-11D3-BF4B-00C04F79EFBC}") = "BlazorWebAssemblySignalRApp.Server", "Server\BlazorWebAssemblySignalRApp.Server.csproj", "{D55E3CEC-DE83-4BD1-B257-9E0B409F7A03}"
EndProject
Project("{FAE04EC0-301F-11D3-BF4B-00C04F79EFBC}") = "BlazorWebAssemblySignalRApp.Client", "Client\BlazorWebAssemblySignalRApp.Client.csproj", "{38E61ABF-A05E-4450-A98C-6FBA24C2BDB5}"
EndProject
Project("{FAE04EC0-301F-11D3-BF4B-00C04F79EFBC}") = "BlazorWebAssemblySignalRApp.Shared", "Shared\BlazorWebAssemblySignalRApp.Shared.csproj", "{22563CCD-0E6A-4BB0-B263-3208F1DB5B5B}"
EndProject
Global
	GlobalSection(SolutionConfigurationPlatforms) = preSolution
		Debug|Any CPU = Debug|Any CPU
		Release|Any CPU = Release|Any CPU
	EndGlobalSection
	GlobalSection(ProjectConfigurationPlatforms) = postSolution
		{D55E3CEC-DE83-4BD1-B257-9E0B409F7A03}.Debug|Any CPU.ActiveCfg = Debug|Any CPU
		{D55E3CEC-DE83-4BD1-B257-9E0B409F7A03}.Debug|Any CPU.Build.0 = Debug|Any CPU
		{D55E3CEC-DE83-4BD1-B257-9E0B409F7A03}.Release|Any CPU.ActiveCfg = Release|Any CPU
		{D55E3CEC-DE83-4BD1-B257-9E0B409F7A03}.Release|Any CPU.Build.0 = Release|Any CPU
		{38E61ABF-A05E-4450-A98C-6FBA24C2BDB5}.Debug|Any CPU.ActiveCfg = Debug|Any CPU
		{38E61ABF-A05E-4450-A98C-6FBA24C2BDB5}.Debug|Any CPU.Build.0 = Debug|Any CPU
		{38E61ABF-A05E-4450-A98C-6FBA24C2BDB5}.Release|Any CPU.ActiveCfg = Release|Any CPU
		{38E61ABF-A05E-4450-A98C-6FBA24C2BDB5}.Release|Any CPU.Build.0 = Release|Any CPU
		{22563CCD-0E6A-4BB0-B263-3208F1DB5B5B}.Debug|Any CPU.ActiveCfg = Debug|Any CPU
		{22563CCD-0E6A-4BB0-B263-3208F1DB5B5B}.Debug|Any CPU.Build.0 = Debug|Any CPU
		{22563CCD-0E6A-4BB0-B263-3208F1DB5B5B}.Release|Any CPU.ActiveCfg = Release|Any CPU
		{22563CCD-0E6A-4BB0-B263-3208F1DB5B5B}.Release|Any CPU.Build.0 = Release|Any CPU
	EndGlobalSection
	GlobalSection(SolutionProperties) = preSolution
		HideSolutionNode = FALSE
	EndGlobalSection
	GlobalSection(ExtensibilityGlobals) = postSolution
		SolutionGuid = {900AE14A-44E6-4E39-97A2-F4DED7EA28D1}
	EndGlobalSection
EndGlobal
